
Microsoft Visual Studio Solution File, Format Version 12.00
# Visual Studio 14
VisualStudioVersion = 14.0.25420.1
MinimumVisualStudioVersion = 10.0.40219.1
Project("{FAE04EC0-301F-11D3-BF4B-00C04F79EFBC}") = "MyApplicaton", "MyApp\MyApplicaton.csproj", "{C2ACDF2C-FFE5-43DD-92A2-F0753C7FADFB}"
EndProject
Project("{FAE04EC0-301F-11D3-BF4B-00C04F79EFBC}") = "MyAppDAL", "MyAppDAL\MyAppDAL.csproj", "{76ECD188-8218-435D-B870-1F37B4375919}"
EndProject
Global
	GlobalSection(SolutionConfigurationPlatforms) = preSolution
		Debug|Any CPU = Debug|Any CPU
		Release|Any CPU = Release|Any CPU
	EndGlobalSection
	GlobalSection(ProjectConfigurationPlatforms) = postSolution
		{C2ACDF2C-FFE5-43DD-92A2-F0753C7FADFB}.Debug|Any CPU.ActiveCfg = Debug|Any CPU
		{C2ACDF2C-FFE5-43DD-92A2-F0753C7FADFB}.Debug|Any CPU.Build.0 = Debug|Any CPU
		{C2ACDF2C-FFE5-43DD-92A2-F0753C7FADFB}.Release|Any CPU.ActiveCfg = Release|Any CPU
		{C2ACDF2C-FFE5-43DD-92A2-F0753C7FADFB}.Release|Any CPU.Build.0 = Release|Any CPU
		{76ECD188-8218-435D-B870-1F37B4375919}.Debug|Any CPU.ActiveCfg = Debug|Any CPU
		{76ECD188-8218-435D-B870-1F37B4375919}.Debug|Any CPU.Build.0 = Debug|Any CPU
		{76ECD188-8218-435D-B870-1F37B4375919}.Release|Any CPU.ActiveCfg = Release|Any CPU
		{76ECD188-8218-435D-B870-1F37B4375919}.Release|Any CPU.Build.0 = Release|Any CPU
	EndGlobalSection
	GlobalSection(SolutionProperties) = preSolution
		HideSolutionNode = FALSE
	EndGlobalSection
EndGlobal
